schema: '2.0'
stages:
  prepare_data:
    cmd: venv/bin/python scripts/prepare_ham10000.py --config params.yaml
    deps:
    - path: scripts/prepare_ham10000.py
      hash: md5
      md5: 7b48cb885128c0a253b0955c9578da31
      size: 8918
      isexec: true
    params:
      params.yaml:
        data.labels:
        - akiec
        - bcc
        - bkl
        - df
        - mel
        - nv
        - vasc
        data.metadata_csv: data/processed/metadata.csv
        data.raw_dir: data/raw/ham10000
    outs:
    - path: data/processed/metadata.csv
      hash: md5
      md5: 8ebc759a169aae845299e96c286428ad
      size: 1194255
      isexec: true
  make_splits:
    cmd: venv/bin/python scripts/make_grouped_splits.py --config params.yaml
    deps:
    - path: data/processed/metadata.csv
      hash: md5
      md5: 8ebc759a169aae845299e96c286428ad
      size: 1194255
      isexec: true
    - path: scripts/make_grouped_splits.py
      hash: md5
      md5: bb286dce4d15d34d28fc3c763a012b9f
      size: 7306
      isexec: true
    params:
      params.yaml:
        data.group_by: split_group
        data.metadata_csv: data/processed/metadata.csv
        data.splits_dir: data/splits
        data.test_size: 0.1
        data.val_size: 0.1
        project.seed: 42
    outs:
    - path: data/splits/test.csv
      hash: md5
      md5: 2aab1d49108a44db751603b20cde1296
      size: 124658
      isexec: true
    - path: data/splits/train.csv
      hash: md5
      md5: 83660e4c621b4b2e0bbb3cb3c011e39b
      size: 1003350
      isexec: true
    - path: data/splits/val.csv
      hash: md5
      md5: 4cacc60454d87cfcb22edfa6d48d75b0
      size: 123517
      isexec: true
  train:
    cmd: venv/bin/python scripts/train.py --config params.yaml
    deps:
    - path: data/splits/train.csv
      hash: md5
      md5: 83660e4c621b4b2e0bbb3cb3c011e39b
      size: 1003350
      isexec: true
    - path: data/splits/val.csv
      hash: md5
      md5: 4cacc60454d87cfcb22edfa6d48d75b0
      size: 123517
      isexec: true
    - path: scripts/train.py
      hash: md5
      md5: 0aaac3a5d709143477cc62680eaf52af
      size: 10345
      isexec: true
    - path: src/lesion_ml
      hash: md5
      md5: 28c89495a3cc28255ecda7a4acb8636e.dir
      size: 32013
      nfiles: 8
    params:
      params.yaml:
        augment:
          use_random_resized_crop: false
          crop_scale:
          - 0.7
          - 1.0
          crop_ratio:
          - 0.75
          - 1.33
          horizontal_flip_p: 0.5
          vertical_flip_p: 0.5
          shift_limit: 0.05
          scale_limit: 0.1
          rotate_limit: 45
          geometric_p: 0.5
          brightness: 0.2
          contrast: 0.2
          saturation: 0.2
          hue: 0.05
          color_jitter_p: 0.3
          normalize: true
        data.image_size: 224
        data.num_classes: 7
        project.seed: 42
        train:
          backbone: efficientnet_b0
          pretrained: true
          in_chans: 3
          drop_rate: 0.0
          drop_path_rate: 0.0
          batch_size: 128
          num_workers: 0
          epochs: 1
          optimizer: adamw
          lr: 0.0003
          weight_decay: 0.0001
          class_weights: true
    outs:
    - path: artifacts/models/best.ckpt
      hash: md5
      md5: 5d4ba74f45188c6f868cede6e3a07c0c
      size: 48628074
      isexec: true
    - path: artifacts/reports/train_history.csv
      hash: md5
      md5: cccc041dd1198fb9c6e519c826602c86
      size: 255
      isexec: true
    - path: artifacts/reports/train_metrics.json
      hash: md5
      md5: 0a13ee9ac8d198a5c49dece4cc7c2928
      size: 200
      isexec: true
  evaluate:
    cmd: python scripts/evaluate.py --config params.yaml
    deps:
    - path: artifacts/models/best.ckpt
      hash: md5
      md5: 9bf0945153b974cdd3e9277e12e44bc4
      size: 48628074
      isexec: true
    - path: data/splits/test.csv
      hash: md5
      md5: 2aab1d49108a44db751603b20cde1296
      size: 124658
      isexec: true
    - path: scripts/evaluate.py
      hash: md5
      md5: b207ceba6be30048c7ea0d77d514e7c0
      size: 10501
      isexec: true
    - path: src/lesion_ml
      hash: md5
      md5: 28c89495a3cc28255ecda7a4acb8636e.dir
      size: 32013
      nfiles: 8
    params:
      params.yaml:
        evaluate.confidence_threshold: 0.65
        evaluate.primary_metric: macro_f1
        evaluate.top_k: 3
    outs:
    - path: artifacts/reports/confusion_matrix.csv
      hash: md5
      md5: e59d30cc19a39040890f428e9699d633
      size: 177
      isexec: true
    - path: artifacts/reports/per_class_metrics.csv
      hash: md5
      md5: d6ee98f961451087ba9f1111100abd62
      size: 455
      isexec: true
    - path: artifacts/reports/test_metrics.json
      hash: md5
      md5: 175762452435e02ba4fd9fffe44ddfc7
      size: 762
      isexec: true
  export_onnx:
    cmd: venv/bin/python scripts/export_onnx.py --config params.yaml
    deps:
    - path: artifacts/models/best.ckpt
      hash: md5
      md5: 5d4ba74f45188c6f868cede6e3a07c0c
      size: 48628074
      isexec: true
    - path: scripts/export_onnx.py
      hash: md5
      md5: 5d991f4d767801f6713204e9302cfd1e
      size: 2329
      isexec: true
    - path: src/lesion_ml
      hash: md5
      md5: 28c89495a3cc28255ecda7a4acb8636e.dir
      size: 32013
      nfiles: 8
    params:
      params.yaml:
        data.image_size: 224
        inference.checkpoint_path: artifacts/models/best.ckpt
        inference.onnx_path: deployment/onnx/model.onnx
    outs:
    - path: deployment/onnx/model.onnx
      hash: md5
      md5: b1c89eea9507038bcb2d2b2efc458578
      size: 589711
      isexec: true
